<?xml version="1.0" encoding="UTF-8"?>
<Scheme
   LastUpgradeVersion = "1620"
   version = "1.7">
   <BuildAction
      parallelizeBuildables = "YES"
      buildImplicitDependencies = "YES"
      buildArchitectures = "Automatic">
      <PostActions>
         <ExecutionAction
            ActionType = "Xcode.IDEStandardExecutionActionsCore.ExecutionActionType.ShellScriptAction">
            <ActionContent
               title = "Run Script"
               scriptText = "#!/bin/bash&#10;&#10;APP_NAME=&quot;mcping.app&quot;&#10;SRC_PATH=&quot;${BUILT_PRODUCTS_DIR}/${APP_NAME}&quot;&#10;DEST_DIR=&quot;$HOME/Downloads/TouchBarMod&quot;&#10;DEST_PATH=&quot;$DEST_DIR/${APP_NAME}&quot;&#10;&#10;echo &quot;Waiting for $SRC_PATH to be fully available...&quot;&#10;ATTEMPTS=0&#10;while [ ! -f &quot;$SRC_PATH/Contents/MacOS/mcping&quot; ] &amp;&amp; [ $ATTEMPTS -lt 60 ]; do&#10;  echo &quot;Waiting... ($ATTEMPTS)&quot;&#10;  sleep 1&#10;  ATTEMPTS=$((ATTEMPTS+1))&#10;done&#10;&#10;if [ ! -f &quot;$SRC_PATH/Contents/MacOS/mcping&quot; ]; then&#10;  echo &quot;Error: Build never completed.&quot;&#10;  exit 1&#10;fi&#10;&#10;rm -rf &quot;$DEST_PATH&quot;&#10;mkdir -p &quot;$DEST_DIR&quot;&#10;rsync -a --delete &quot;$SRC_PATH/&quot; &quot;$DEST_PATH/&quot;&#10;&#10;echo &quot;Code signing...&quot;&#10;codesign -s - --force --deep &quot;$DEST_PATH&quot;&#10;&#10;cd &quot;$DEST_DIR&quot;&#10;rm -f mcping.app.zip&#10;zip -r mcping.app.zip mcping.app&#10;&#10;scp mcping.app.zip adityarajesh@thelongislanderhome.asuscomm.com:/var/www/tools/&#10;&#10;echo &quot;Post-build complete.&quot;&#10;">
               <EnvironmentBuildable>
                  <BuildableReference
                     BuildableIdentifier = "primary"
                     BlueprintIdentifier = "051A400A2D954D4B00329AD5"
                     BuildableName = "mcping.app"
                     BlueprintName = "mcping"
                     ReferencedContainer = "container:mcping.xcodeproj">
                  </BuildableReference>
               </EnvironmentBuildable>
            </ActionContent>
         </ExecutionAction>
      </PostActions>
      <BuildActionEntries>
         <BuildActionEntry
            buildForTesting = "YES"
            buildForRunning = "YES"
            buildForProfiling = "YES"
            buildForArchiving = "YES"
            buildForAnalyzing = "YES">
            <BuildableReference
               BuildableIdentifier = "primary"
               BlueprintIdentifier = "051A400A2D954D4B00329AD5"
               BuildableName = "mcping.app"
               BlueprintName = "mcping"
               ReferencedContainer = "container:mcping.xcodeproj">
            </BuildableReference>
         </BuildActionEntry>
      </BuildActionEntries>
   </BuildAction>
   <TestAction
      buildConfiguration = "Debug"
      selectedDebuggerIdentifier = "Xcode.DebuggerFoundation.Debugger.LLDB"
      selectedLauncherIdentifier = "Xcode.DebuggerFoundation.Launcher.LLDB"
      shouldUseLaunchSchemeArgsEnv = "YES"
      shouldAutocreateTestPlan = "YES">
      <Testables>
         <TestableReference
            skipped = "NO"
            parallelizable = "YES">
            <BuildableReference
               BuildableIdentifier = "primary"
               BlueprintIdentifier = "051A401B2D954D4E00329AD5"
               BuildableName = "mcpingTests.xctest"
               BlueprintName = "mcpingTests"
               ReferencedContainer = "container:mcping.xcodeproj">
            </BuildableReference>
         </TestableReference>
         <TestableReference
            skipped = "NO"
            parallelizable = "YES">
            <BuildableReference
               BuildableIdentifier = "primary"
               BlueprintIdentifier = "051A40252D954D4E00329AD5"
               BuildableName = "mcpingUITests.xctest"
               BlueprintName = "mcpingUITests"
               ReferencedContainer = "container:mcping.xcodeproj">
            </BuildableReference>
         </TestableReference>
      </Testables>
   </TestAction>
   <LaunchAction
      buildConfiguration = "Debug"
      selectedDebuggerIdentifier = "Xcode.DebuggerFoundation.Debugger.LLDB"
      selectedLauncherIdentifier = "Xcode.DebuggerFoundation.Launcher.LLDB"
      launchStyle = "0"
      useCustomWorkingDirectory = "NO"
      ignoresPersistentStateOnLaunch = "NO"
      debugDocumentVersioning = "YES"
      debugServiceExtension = "internal"
      allowLocationSimulation = "YES">
      <BuildableProductRunnable
         runnableDebuggingMode = "0">
         <BuildableReference
            BuildableIdentifier = "primary"
            BlueprintIdentifier = "051A400A2D954D4B00329AD5"
            BuildableName = "mcping.app"
            BlueprintName = "mcping"
            ReferencedContainer = "container:mcping.xcodeproj">
         </BuildableReference>
      </BuildableProductRunnable>
   </LaunchAction>
   <ProfileAction
      buildConfiguration = "Release"
      shouldUseLaunchSchemeArgsEnv = "YES"
      savedToolIdentifier = ""
      useCustomWorkingDirectory = "NO"
      debugDocumentVersioning = "YES">
      <BuildableProductRunnable
         runnableDebuggingMode = "0">
         <BuildableReference
            BuildableIdentifier = "primary"
            BlueprintIdentifier = "051A400A2D954D4B00329AD5"
            BuildableName = "mcping.app"
            BlueprintName = "mcping"
            ReferencedContainer = "container:mcping.xcodeproj">
         </BuildableReference>
      </BuildableProductRunnable>
   </ProfileAction>
   <AnalyzeAction
      buildConfiguration = "Debug">
   </AnalyzeAction>
   <ArchiveAction
      buildConfiguration = "Release"
      revealArchiveInOrganizer = "YES">
   </ArchiveAction>
</Scheme>
